{
  "version": 4,
  "terraform_version": "1.3.0",
  "serial": 256,
  "lineage": "87ceeb8c-eba9-e88f-b81b-86ef0c07c105",
  "outputs": {},
  "resources": [
    {
      "module": "module.team_module[0]",
      "mode": "managed",
      "type": "docker_container",
      "name": "nginx",
      "provider": "provider[\"registry.terraform.io/kreuzwerker/docker\"]",
      "instances": [
        {
          "schema_version": 2,
          "attributes": {
            "attach": false,
            "bridge": "",
            "capabilities": [],
            "command": [
              "nginx",
              "-g",
              "daemon off;"
            ],
            "container_logs": null,
            "container_read_refresh_timeout_milliseconds": 15000,
            "cpu_set": "",
            "cpu_shares": 0,
            "destroy_grace_seconds": null,
            "devices": [],
            "dns": null,
            "dns_opts": null,
            "dns_search": null,
            "domainname": "",
            "entrypoint": [
              "/docker-entrypoint.sh"
            ],
            "env": [],
            "exit_code": null,
            "gateway": "172.31.0.1",
            "gpus": null,
            "group_add": null,
            "healthcheck": null,
            "host": [],
            "hostname": "7ba5d021d749",
            "id": "7ba5d021d7491d6a7e910d8f86e442cff90083bd991568fb75ec7af6873b703d",
            "image": "sha256:2d389e545974d4a93ebdef09b650753a55f72d1ab4518d17a30c0e1b3e297444",
            "init": false,
            "ip_address": "172.31.0.2",
            "ip_prefix_length": 16,
            "ipc_mode": "private",
            "labels": [],
            "links": null,
            "log_driver": "json-file",
            "log_opts": null,
            "logs": false,
            "max_retry_count": 0,
            "memory": 0,
            "memory_swap": 0,
            "mounts": [],
            "must_run": true,
            "name": "nginx_0_team_network_zEl28ZOeZsSX",
            "network_alias": null,
            "network_data": [
              {
                "gateway": "172.31.0.1",
                "global_ipv6_address": "",
                "global_ipv6_prefix_length": 0,
                "ip_address": "172.31.0.2",
                "ip_prefix_length": 16,
                "ipv6_gateway": "",
                "network_name": "team_network_zEl28ZOeZsSX"
              }
            ],
            "network_mode": "default",
            "networks": null,
            "networks_advanced": [
              {
                "aliases": [],
                "ipv4_address": "",
                "ipv6_address": "",
                "name": "team_network_zEl28ZOeZsSX"
              }
            ],
            "pid_mode": "",
            "ports": [
              {
                "external": 49173,
                "internal": 80,
                "ip": "0.0.0.0",
                "protocol": "tcp"
              }
            ],
            "privileged": false,
            "publish_all_ports": false,
            "read_only": false,
            "remove_volumes": true,
            "restart": "no",
            "rm": false,
            "runtime": "runc",
            "security_opts": [],
            "shm_size": 64,
            "start": true,
            "stdin_open": false,
            "stop_signal": "SIGQUIT",
            "stop_timeout": 0,
            "storage_opts": null,
            "sysctls": null,
            "tmpfs": null,
            "tty": false,
            "ulimit": [],
            "upload": [],
            "user": "",
            "userns_mode": "",
            "volumes": [],
            "working_dir": ""
          },
          "sensitive_attributes": [],
          "private": "eyJzY2hlbWFfdmVyc2lvbiI6IjIifQ==",
          "dependencies": [
            "module.team_module.docker_image.nginx",
            "module.team_module.module.network_mod.docker_network.team_network",
            "module.team_module.module.network_mod.random_string.random_str"
          ]
        }
      ]
    },
    {
      "module": "module.team_module[0]",
      "mode": "managed",
      "type": "docker_container",
      "name": "redis",
      "provider": "provider[\"registry.terraform.io/kreuzwerker/docker\"]",
      "instances": [
        {
          "schema_version": 2,
          "attributes": {
            "attach": false,
            "bridge": "",
            "capabilities": [],
            "command": [
              "redis-server"
            ],
            "container_logs": null,
            "container_read_refresh_timeout_milliseconds": 15000,
            "cpu_set": "",
            "cpu_shares": 0,
            "destroy_grace_seconds": null,
            "devices": [],
            "dns": null,
            "dns_opts": null,
            "dns_search": null,
            "domainname": "",
            "entrypoint": [
              "docker-entrypoint.sh"
            ],
            "env": [],
            "exit_code": null,
            "gateway": "172.31.0.1",
            "gpus": null,
            "group_add": null,
            "healthcheck": null,
            "host": [],
            "hostname": "54baee380342",
            "id": "54baee380342aebaf2c2dec77c184be530a152a8f7da4bb117d9033a2f59c040",
            "image": "sha256:f8528f17261c4a2c94ef702ff483ba7e4b998aa734cba60fa689ca5ecc14705f",
            "init": false,
            "ip_address": "172.31.0.3",
            "ip_prefix_length": 16,
            "ipc_mode": "private",
            "labels": [],
            "links": null,
            "log_driver": "json-file",
            "log_opts": null,
            "logs": false,
            "max_retry_count": 0,
            "memory": 0,
            "memory_swap": 0,
            "mounts": [],
            "must_run": true,
            "name": "redis_2_team_network_zEl28ZOeZsSX",
            "network_alias": null,
            "network_data": [
              {
                "gateway": "172.31.0.1",
                "global_ipv6_address": "",
                "global_ipv6_prefix_length": 0,
                "ip_address": "172.31.0.3",
                "ip_prefix_length": 16,
                "ipv6_gateway": "",
                "network_name": "team_network_zEl28ZOeZsSX"
              }
            ],
            "network_mode": "default",
            "networks": null,
            "networks_advanced": [
              {
                "aliases": [],
                "ipv4_address": "",
                "ipv6_address": "",
                "name": "team_network_zEl28ZOeZsSX"
              }
            ],
            "pid_mode": "",
            "ports": [
              {
                "external": 49175,
                "internal": 80,
                "ip": "0.0.0.0",
                "protocol": "tcp"
              }
            ],
            "privileged": false,
            "publish_all_ports": false,
            "read_only": false,
            "remove_volumes": true,
            "restart": "no",
            "rm": false,
            "runtime": "runc",
            "security_opts": [],
            "shm_size": 64,
            "start": true,
            "stdin_open": false,
            "stop_signal": "",
            "stop_timeout": 0,
            "storage_opts": null,
            "sysctls": null,
            "tmpfs": null,
            "tty": false,
            "ulimit": [],
            "upload": [],
            "user": "",
            "userns_mode": "",
            "volumes": [],
            "working_dir": "/data"
          },
          "sensitive_attributes": [],
          "private": "eyJzY2hlbWFfdmVyc2lvbiI6IjIifQ==",
          "dependencies": [
            "module.team_module.docker_image.redis",
            "module.team_module.module.network_mod.docker_network.team_network",
            "module.team_module.module.network_mod.random_string.random_str"
          ]
        }
      ]
    },
    {
      "module": "module.team_module[0]",
      "mode": "managed",
      "type": "docker_container",
      "name": "traefik",
      "provider": "provider[\"registry.terraform.io/kreuzwerker/docker\"]",
      "instances": [
        {
          "schema_version": 2,
          "attributes": {
            "attach": false,
            "bridge": "",
            "capabilities": [],
            "command": [
              "traefik"
            ],
            "container_logs": null,
            "container_read_refresh_timeout_milliseconds": 15000,
            "cpu_set": "",
            "cpu_shares": 0,
            "destroy_grace_seconds": null,
            "devices": [],
            "dns": null,
            "dns_opts": null,
            "dns_search": null,
            "domainname": "",
            "entrypoint": [
              "/entrypoint.sh"
            ],
            "env": [],
            "exit_code": null,
            "gateway": "172.31.0.1",
            "gpus": null,
            "group_add": null,
            "healthcheck": null,
            "host": [],
            "hostname": "9fb221d7d701",
            "id": "9fb221d7d701d1deee65b15014841383b3c28541748c46ec8b373d748d419b21",
            "image": "sha256:e6de8578b2384107d9e08f90be5d6cf43472e369ba98dca46373b336b83fdbd8",
            "init": false,
            "ip_address": "172.31.0.4",
            "ip_prefix_length": 16,
            "ipc_mode": "private",
            "labels": [],
            "links": null,
            "log_driver": "json-file",
            "log_opts": null,
            "logs": false,
            "max_retry_count": 0,
            "memory": 0,
            "memory_swap": 0,
            "mounts": [],
            "must_run": true,
            "name": "traefik_1_team_network_zEl28ZOeZsSX",
            "network_alias": null,
            "network_data": [
              {
                "gateway": "172.31.0.1",
                "global_ipv6_address": "",
                "global_ipv6_prefix_length": 0,
                "ip_address": "172.31.0.4",
                "ip_prefix_length": 16,
                "ipv6_gateway": "",
                "network_name": "team_network_zEl28ZOeZsSX"
              }
            ],
            "network_mode": "default",
            "networks": null,
            "networks_advanced": [
              {
                "aliases": [],
                "ipv4_address": "",
                "ipv6_address": "",
                "name": "team_network_zEl28ZOeZsSX"
              }
            ],
            "pid_mode": "",
            "ports": [
              {
                "external": 49177,
                "internal": 80,
                "ip": "0.0.0.0",
                "protocol": "tcp"
              }
            ],
            "privileged": false,
            "publish_all_ports": false,
            "read_only": false,
            "remove_volumes": true,
            "restart": "no",
            "rm": false,
            "runtime": "runc",
            "security_opts": [],
            "shm_size": 64,
            "start": true,
            "stdin_open": false,
            "stop_signal": "",
            "stop_timeout": 0,
            "storage_opts": null,
            "sysctls": null,
            "tmpfs": null,
            "tty": false,
            "ulimit": [],
            "upload": [],
            "user": "",
            "userns_mode": "",
            "volumes": [],
            "working_dir": ""
          },
          "sensitive_attributes": [],
          "private": "eyJzY2hlbWFfdmVyc2lvbiI6IjIifQ==",
          "dependencies": [
            "module.team_module.docker_image.traefik",
            "module.team_module.module.network_mod.docker_network.team_network",
            "module.team_module.module.network_mod.random_string.random_str"
          ]
        }
      ]
    },
    {
      "module": "module.team_module[0]",
      "mode": "managed",
      "type": "docker_image",
      "name": "nginx",
      "provider": "provider[\"registry.terraform.io/kreuzwerker/docker\"]",
      "instances": [
        {
          "schema_version": 0,
          "attributes": {
            "build": [],
            "force_remove": null,
            "id": "sha256:2d389e545974d4a93ebdef09b650753a55f72d1ab4518d17a30c0e1b3e297444nginx:latest",
            "image_id": "sha256:2d389e545974d4a93ebdef09b650753a55f72d1ab4518d17a30c0e1b3e297444",
            "keep_locally": true,
            "latest": "sha256:2d389e545974d4a93ebdef09b650753a55f72d1ab4518d17a30c0e1b3e297444",
            "name": "nginx:latest",
            "output": null,
            "pull_trigger": null,
            "pull_triggers": null,
            "repo_digest": "nginx@sha256:0b970013351304af46f322da1263516b188318682b2ab1091862497591189ff1",
            "triggers": null
          },
          "sensitive_attributes": [],
          "private": "bnVsbA=="
        }
      ]
    },
    {
      "module": "module.team_module[0]",
      "mode": "managed",
      "type": "docker_image",
      "name": "redis",
      "provider": "provider[\"registry.terraform.io/kreuzwerker/docker\"]",
      "instances": [
        {
          "schema_version": 0,
          "attributes": {
            "build": [],
            "force_remove": null,
            "id": "sha256:f8528f17261c4a2c94ef702ff483ba7e4b998aa734cba60fa689ca5ecc14705fredis:latest",
            "image_id": "sha256:f8528f17261c4a2c94ef702ff483ba7e4b998aa734cba60fa689ca5ecc14705f",
            "keep_locally": true,
            "latest": "sha256:f8528f17261c4a2c94ef702ff483ba7e4b998aa734cba60fa689ca5ecc14705f",
            "name": "redis:latest",
            "output": null,
            "pull_trigger": null,
            "pull_triggers": null,
            "repo_digest": "redis@sha256:c95835a74c37b3a784fb55f7b2c211bd20c650d5e55dae422c3caa9c01eb39fa",
            "triggers": null
          },
          "sensitive_attributes": [],
          "private": "bnVsbA=="
        }
      ]
    },
    {
      "module": "module.team_module[0]",
      "mode": "managed",
      "type": "docker_image",
      "name": "traefik",
      "provider": "provider[\"registry.terraform.io/kreuzwerker/docker\"]",
      "instances": [
        {
          "schema_version": 0,
          "attributes": {
            "build": [],
            "force_remove": null,
            "id": "sha256:e6de8578b2384107d9e08f90be5d6cf43472e369ba98dca46373b336b83fdbd8traefik:latest",
            "image_id": "sha256:e6de8578b2384107d9e08f90be5d6cf43472e369ba98dca46373b336b83fdbd8",
            "keep_locally": true,
            "latest": "sha256:e6de8578b2384107d9e08f90be5d6cf43472e369ba98dca46373b336b83fdbd8",
            "name": "traefik:latest",
            "output": null,
            "pull_trigger": null,
            "pull_triggers": null,
            "repo_digest": "traefik@sha256:4ebf68cdb32ce65e8786ac83ece782ec0dbe583471c04dfd0af43f245b96c88f",
            "triggers": null
          },
          "sensitive_attributes": [],
          "private": "bnVsbA=="
        }
      ]
    },
    {
      "module": "module.team_module[0].module.network_mod",
      "mode": "managed",
      "type": "docker_network",
      "name": "team_network",
      "provider": "provider[\"registry.terraform.io/kreuzwerker/docker\"]",
      "instances": [
        {
          "schema_version": 1,
          "attributes": {
            "attachable": false,
            "check_duplicate": null,
            "driver": "bridge",
            "id": "77e77cc4f8306b53bebf162ecab693a7e6c9035984ef7d40175f92987d0745b3",
            "ingress": false,
            "internal": false,
            "ipam_config": [
              {
                "aux_address": {},
                "gateway": "172.31.0.1",
                "ip_range": "",
                "subnet": "172.31.0.0/16"
              }
            ],
            "ipam_driver": "default",
            "ipv6": false,
            "labels": [],
            "name": "team_network_zEl28ZOeZsSX",
            "options": {},
            "scope": "local"
          },
          "sensitive_attributes": [],
          "private": "eyJzY2hlbWFfdmVyc2lvbiI6IjEifQ==",
          "dependencies": [
            "module.team_module.module.network_mod.random_string.random_str"
          ]
        }
      ]
    },
    {
      "module": "module.team_module[0].module.network_mod",
      "mode": "managed",
      "type": "random_string",
      "name": "random_str",
      "provider": "provider[\"registry.terraform.io/hashicorp/random\"]",
      "instances": [
        {
          "schema_version": 2,
          "attributes": {
            "id": "zEl28ZOeZsSX",
            "keepers": {
              "test": "1"
            },
            "length": 12,
            "lower": true,
            "min_lower": 0,
            "min_numeric": 0,
            "min_special": 0,
            "min_upper": 0,
            "number": true,
            "numeric": true,
            "override_special": null,
            "result": "zEl28ZOeZsSX",
            "special": false,
            "upper": true
          },
          "sensitive_attributes": []
        }
      ]
    },
    {
      "module": "module.team_module[1]",
      "mode": "managed",
      "type": "docker_container",
      "name": "nginx",
      "provider": "provider[\"registry.terraform.io/kreuzwerker/docker\"]",
      "instances": [
        {
          "schema_version": 2,
          "attributes": {
            "attach": false,
            "bridge": "",
            "capabilities": [],
            "command": [
              "nginx",
              "-g",
              "daemon off;"
            ],
            "container_logs": null,
            "container_read_refresh_timeout_milliseconds": 15000,
            "cpu_set": "",
            "cpu_shares": 0,
            "destroy_grace_seconds": null,
            "devices": [],
            "dns": null,
            "dns_opts": null,
            "dns_search": null,
            "domainname": "",
            "entrypoint": [
              "/docker-entrypoint.sh"
            ],
            "env": [],
            "exit_code": null,
            "gateway": "172.30.0.1",
            "gpus": null,
            "group_add": null,
            "healthcheck": null,
            "host": [],
            "hostname": "47e4a330484f",
            "id": "47e4a330484fe50bbada426529960e368566db511018533ef4669e5e8da65c9e",
            "image": "sha256:2d389e545974d4a93ebdef09b650753a55f72d1ab4518d17a30c0e1b3e297444",
            "init": false,
            "ip_address": "172.30.0.2",
            "ip_prefix_length": 16,
            "ipc_mode": "private",
            "labels": [],
            "links": null,
            "log_driver": "json-file",
            "log_opts": null,
            "logs": false,
            "max_retry_count": 0,
            "memory": 0,
            "memory_swap": 0,
            "mounts": [],
            "must_run": true,
            "name": "nginx_0_team_network_MC1OgS34aVey",
            "network_alias": null,
            "network_data": [
              {
                "gateway": "172.30.0.1",
                "global_ipv6_address": "",
                "global_ipv6_prefix_length": 0,
                "ip_address": "172.30.0.2",
                "ip_prefix_length": 16,
                "ipv6_gateway": "",
                "network_name": "team_network_MC1OgS34aVey"
              }
            ],
            "network_mode": "default",
            "networks": null,
            "networks_advanced": [
              {
                "aliases": [],
                "ipv4_address": "",
                "ipv6_address": "",
                "name": "team_network_MC1OgS34aVey"
              }
            ],
            "pid_mode": "",
            "ports": [
              {
                "external": 49172,
                "internal": 80,
                "ip": "0.0.0.0",
                "protocol": "tcp"
              }
            ],
            "privileged": false,
            "publish_all_ports": false,
            "read_only": false,
            "remove_volumes": true,
            "restart": "no",
            "rm": false,
            "runtime": "runc",
            "security_opts": [],
            "shm_size": 64,
            "start": true,
            "stdin_open": false,
            "stop_signal": "SIGQUIT",
            "stop_timeout": 0,
            "storage_opts": null,
            "sysctls": null,
            "tmpfs": null,
            "tty": false,
            "ulimit": [],
            "upload": [],
            "user": "",
            "userns_mode": "",
            "volumes": [],
            "working_dir": ""
          },
          "sensitive_attributes": [],
          "private": "eyJzY2hlbWFfdmVyc2lvbiI6IjIifQ==",
          "dependencies": [
            "module.team_module.docker_image.nginx",
            "module.team_module.module.network_mod.docker_network.team_network",
            "module.team_module.module.network_mod.random_string.random_str"
          ]
        }
      ]
    },
    {
      "module": "module.team_module[1]",
      "mode": "managed",
      "type": "docker_container",
      "name": "redis",
      "provider": "provider[\"registry.terraform.io/kreuzwerker/docker\"]",
      "instances": [
        {
          "schema_version": 2,
          "attributes": {
            "attach": false,
            "bridge": "",
            "capabilities": [],
            "command": [
              "redis-server"
            ],
            "container_logs": null,
            "container_read_refresh_timeout_milliseconds": 15000,
            "cpu_set": "",
            "cpu_shares": 0,
            "destroy_grace_seconds": null,
            "devices": [],
            "dns": null,
            "dns_opts": null,
            "dns_search": null,
            "domainname": "",
            "entrypoint": [
              "docker-entrypoint.sh"
            ],
            "env": [],
            "exit_code": null,
            "gateway": "172.30.0.1",
            "gpus": null,
            "group_add": null,
            "healthcheck": null,
            "host": [],
            "hostname": "699ce057a989",
            "id": "699ce057a9890ca92dc45641607d7231276533042c78e1e2b0e4cee659bf4897",
            "image": "sha256:f8528f17261c4a2c94ef702ff483ba7e4b998aa734cba60fa689ca5ecc14705f",
            "init": false,
            "ip_address": "172.30.0.3",
            "ip_prefix_length": 16,
            "ipc_mode": "private",
            "labels": [],
            "links": null,
            "log_driver": "json-file",
            "log_opts": null,
            "logs": false,
            "max_retry_count": 0,
            "memory": 0,
            "memory_swap": 0,
            "mounts": [],
            "must_run": true,
            "name": "redis_2_team_network_MC1OgS34aVey",
            "network_alias": null,
            "network_data": [
              {
                "gateway": "172.30.0.1",
                "global_ipv6_address": "",
                "global_ipv6_prefix_length": 0,
                "ip_address": "172.30.0.3",
                "ip_prefix_length": 16,
                "ipv6_gateway": "",
                "network_name": "team_network_MC1OgS34aVey"
              }
            ],
            "network_mode": "default",
            "networks": null,
            "networks_advanced": [
              {
                "aliases": [],
                "ipv4_address": "",
                "ipv6_address": "",
                "name": "team_network_MC1OgS34aVey"
              }
            ],
            "pid_mode": "",
            "ports": [
              {
                "external": 49174,
                "internal": 80,
                "ip": "0.0.0.0",
                "protocol": "tcp"
              }
            ],
            "privileged": false,
            "publish_all_ports": false,
            "read_only": false,
            "remove_volumes": true,
            "restart": "no",
            "rm": false,
            "runtime": "runc",
            "security_opts": [],
            "shm_size": 64,
            "start": true,
            "stdin_open": false,
            "stop_signal": "",
            "stop_timeout": 0,
            "storage_opts": null,
            "sysctls": null,
            "tmpfs": null,
            "tty": false,
            "ulimit": [],
            "upload": [],
            "user": "",
            "userns_mode": "",
            "volumes": [],
            "working_dir": "/data"
          },
          "sensitive_attributes": [],
          "private": "eyJzY2hlbWFfdmVyc2lvbiI6IjIifQ==",
          "dependencies": [
            "module.team_module.docker_image.redis",
            "module.team_module.module.network_mod.docker_network.team_network",
            "module.team_module.module.network_mod.random_string.random_str"
          ]
        }
      ]
    },
    {
      "module": "module.team_module[1]",
      "mode": "managed",
      "type": "docker_container",
      "name": "traefik",
      "provider": "provider[\"registry.terraform.io/kreuzwerker/docker\"]",
      "instances": [
        {
          "schema_version": 2,
          "attributes": {
            "attach": false,
            "bridge": "",
            "capabilities": [],
            "command": [
              "traefik"
            ],
            "container_logs": null,
            "container_read_refresh_timeout_milliseconds": 15000,
            "cpu_set": "",
            "cpu_shares": 0,
            "destroy_grace_seconds": null,
            "devices": [],
            "dns": null,
            "dns_opts": null,
            "dns_search": null,
            "domainname": "",
            "entrypoint": [
              "/entrypoint.sh"
            ],
            "env": [],
            "exit_code": null,
            "gateway": "172.30.0.1",
            "gpus": null,
            "group_add": null,
            "healthcheck": null,
            "host": [],
            "hostname": "9ba9bdacadb3",
            "id": "9ba9bdacadb3ac3b1f65652e47aca3f6a001ca1acd70bb2a38821d7d89b61322",
            "image": "sha256:e6de8578b2384107d9e08f90be5d6cf43472e369ba98dca46373b336b83fdbd8",
            "init": false,
            "ip_address": "172.30.0.4",
            "ip_prefix_length": 16,
            "ipc_mode": "private",
            "labels": [],
            "links": null,
            "log_driver": "json-file",
            "log_opts": null,
            "logs": false,
            "max_retry_count": 0,
            "memory": 0,
            "memory_swap": 0,
            "mounts": [],
            "must_run": true,
            "name": "traefik_1_team_network_MC1OgS34aVey",
            "network_alias": null,
            "network_data": [
              {
                "gateway": "172.30.0.1",
                "global_ipv6_address": "",
                "global_ipv6_prefix_length": 0,
                "ip_address": "172.30.0.4",
                "ip_prefix_length": 16,
                "ipv6_gateway": "",
                "network_name": "team_network_MC1OgS34aVey"
              }
            ],
            "network_mode": "default",
            "networks": null,
            "networks_advanced": [
              {
                "aliases": [],
                "ipv4_address": "",
                "ipv6_address": "",
                "name": "team_network_MC1OgS34aVey"
              }
            ],
            "pid_mode": "",
            "ports": [
              {
                "external": 49176,
                "internal": 80,
                "ip": "0.0.0.0",
                "protocol": "tcp"
              }
            ],
            "privileged": false,
            "publish_all_ports": false,
            "read_only": false,
            "remove_volumes": true,
            "restart": "no",
            "rm": false,
            "runtime": "runc",
            "security_opts": [],
            "shm_size": 64,
            "start": true,
            "stdin_open": false,
            "stop_signal": "",
            "stop_timeout": 0,
            "storage_opts": null,
            "sysctls": null,
            "tmpfs": null,
            "tty": false,
            "ulimit": [],
            "upload": [],
            "user": "",
            "userns_mode": "",
            "volumes": [],
            "working_dir": ""
          },
          "sensitive_attributes": [],
          "private": "eyJzY2hlbWFfdmVyc2lvbiI6IjIifQ==",
          "dependencies": [
            "module.team_module.docker_image.traefik",
            "module.team_module.module.network_mod.docker_network.team_network",
            "module.team_module.module.network_mod.random_string.random_str"
          ]
        }
      ]
    },
    {
      "module": "module.team_module[1]",
      "mode": "managed",
      "type": "docker_image",
      "name": "nginx",
      "provider": "provider[\"registry.terraform.io/kreuzwerker/docker\"]",
      "instances": [
        {
          "schema_version": 0,
          "attributes": {
            "build": [],
            "force_remove": null,
            "id": "sha256:2d389e545974d4a93ebdef09b650753a55f72d1ab4518d17a30c0e1b3e297444nginx:latest",
            "image_id": "sha256:2d389e545974d4a93ebdef09b650753a55f72d1ab4518d17a30c0e1b3e297444",
            "keep_locally": true,
            "latest": "sha256:2d389e545974d4a93ebdef09b650753a55f72d1ab4518d17a30c0e1b3e297444",
            "name": "nginx:latest",
            "output": null,
            "pull_trigger": null,
            "pull_triggers": null,
            "repo_digest": "nginx@sha256:0b970013351304af46f322da1263516b188318682b2ab1091862497591189ff1",
            "triggers": null
          },
          "sensitive_attributes": [],
          "private": "bnVsbA=="
        }
      ]
    },
    {
      "module": "module.team_module[1]",
      "mode": "managed",
      "type": "docker_image",
      "name": "redis",
      "provider": "provider[\"registry.terraform.io/kreuzwerker/docker\"]",
      "instances": [
        {
          "schema_version": 0,
          "attributes": {
            "build": [],
            "force_remove": null,
            "id": "sha256:f8528f17261c4a2c94ef702ff483ba7e4b998aa734cba60fa689ca5ecc14705fredis:latest",
            "image_id": "sha256:f8528f17261c4a2c94ef702ff483ba7e4b998aa734cba60fa689ca5ecc14705f",
            "keep_locally": true,
            "latest": "sha256:f8528f17261c4a2c94ef702ff483ba7e4b998aa734cba60fa689ca5ecc14705f",
            "name": "redis:latest",
            "output": null,
            "pull_trigger": null,
            "pull_triggers": null,
            "repo_digest": "redis@sha256:c95835a74c37b3a784fb55f7b2c211bd20c650d5e55dae422c3caa9c01eb39fa",
            "triggers": null
          },
          "sensitive_attributes": [],
          "private": "bnVsbA=="
        }
      ]
    },
    {
      "module": "module.team_module[1]",
      "mode": "managed",
      "type": "docker_image",
      "name": "traefik",
      "provider": "provider[\"registry.terraform.io/kreuzwerker/docker\"]",
      "instances": [
        {
          "schema_version": 0,
          "attributes": {
            "build": [],
            "force_remove": null,
            "id": "sha256:e6de8578b2384107d9e08f90be5d6cf43472e369ba98dca46373b336b83fdbd8traefik:latest",
            "image_id": "sha256:e6de8578b2384107d9e08f90be5d6cf43472e369ba98dca46373b336b83fdbd8",
            "keep_locally": true,
            "latest": "sha256:e6de8578b2384107d9e08f90be5d6cf43472e369ba98dca46373b336b83fdbd8",
            "name": "traefik:latest",
            "output": null,
            "pull_trigger": null,
            "pull_triggers": null,
            "repo_digest": "traefik@sha256:4ebf68cdb32ce65e8786ac83ece782ec0dbe583471c04dfd0af43f245b96c88f",
            "triggers": null
          },
          "sensitive_attributes": [],
          "private": "bnVsbA=="
        }
      ]
    },
    {
      "module": "module.team_module[1].module.network_mod",
      "mode": "managed",
      "type": "docker_network",
      "name": "team_network",
      "provider": "provider[\"registry.terraform.io/kreuzwerker/docker\"]",
      "instances": [
        {
          "schema_version": 1,
          "attributes": {
            "attachable": false,
            "check_duplicate": null,
            "driver": "bridge",
            "id": "5d0cb16a0866f9df2b1519fa8cc2d3fc5639575eeb9fb558f6cc34406c691e01",
            "ingress": false,
            "internal": false,
            "ipam_config": [
              {
                "aux_address": {},
                "gateway": "172.30.0.1",
                "ip_range": "",
                "subnet": "172.30.0.0/16"
              }
            ],
            "ipam_driver": "default",
            "ipv6": false,
            "labels": [],
            "name": "team_network_MC1OgS34aVey",
            "options": {},
            "scope": "local"
          },
          "sensitive_attributes": [],
          "private": "eyJzY2hlbWFfdmVyc2lvbiI6IjEifQ==",
          "dependencies": [
            "module.team_module.module.network_mod.random_string.random_str"
          ]
        }
      ]
    },
    {
      "module": "module.team_module[1].module.network_mod",
      "mode": "managed",
      "type": "random_string",
      "name": "random_str",
      "provider": "provider[\"registry.terraform.io/hashicorp/random\"]",
      "instances": [
        {
          "schema_version": 2,
          "attributes": {
            "id": "MC1OgS34aVey",
            "keepers": {
              "test": "1"
            },
            "length": 12,
            "lower": true,
            "min_lower": 0,
            "min_numeric": 0,
            "min_special": 0,
            "min_upper": 0,
            "number": true,
            "numeric": true,
            "override_special": null,
            "result": "MC1OgS34aVey",
            "special": false,
            "upper": true
          },
          "sensitive_attributes": []
        }
      ]
    }
  ],
  "check_results": []
}
